
Microsoft Visual Studio Solution File, Format Version 12.00
# Visual Studio Version 17
VisualStudioVersion = 17.3.32922.545
MinimumVisualStudioVersion = 10.0.40219.1
Project("{FAE04EC0-301F-11D3-BF4B-00C04F79EFBC}") = "EF_verkefni1", "EF_verkefni1\EF_verkefni1.csproj", "{38FE2110-F539-46A1-8669-8891DD8A3D01}"
EndProject
Global
	GlobalSection(SolutionConfigurationPlatforms) = preSolution
		Debug|Any CPU = Debug|Any CPU
		Release|Any CPU = Release|Any CPU
	EndGlobalSection
	GlobalSection(ProjectConfigurationPlatforms) = postSolution
		{38FE2110-F539-46A1-8669-8891DD8A3D01}.Debug|Any CPU.ActiveCfg = Debug|Any CPU
		{38FE2110-F539-46A1-8669-8891DD8A3D01}.Debug|Any CPU.Build.0 = Debug|Any CPU
		{38FE2110-F539-46A1-8669-8891DD8A3D01}.Release|Any CPU.ActiveCfg = Release|Any CPU
		{38FE2110-F539-46A1-8669-8891DD8A3D01}.Release|Any CPU.Build.0 = Release|Any CPU
	EndGlobalSection
	GlobalSection(SolutionProperties) = preSolution
		HideSolutionNode = FALSE
	EndGlobalSection
	GlobalSection(ExtensibilityGlobals) = postSolution
		SolutionGuid = {76F707B8-EB72-4DEF-ACD5-93C79E8D0318}
	EndGlobalSection
EndGlobal
